
Microsoft Visual Studio Solution File, Format Version 11.00
# Visual Studio 2010
Project("{FAE04EC0-301F-11D3-BF4B-00C04F79EFBC}") = "Denapoli", "Denapoli\Denapoli.csproj", "{EB9AA734-13C2-423F-A8CF-36CF68E81328}"
EndProject
Project("{2150E333-8FDC-42A3-9474-1A3956D46DE8}") = "Main", "Main", "{4B63135D-9EAA-494C-A4DB-8B99AC741691}"
EndProject
Project("{2150E333-8FDC-42A3-9474-1A3956D46DE8}") = "Test", "Test", "{E7F2561C-52B7-4E21-AE4F-B7EF874B4B0F}"
EndProject
Project("{2150E333-8FDC-42A3-9474-1A3956D46DE8}") = "Business", "Business", "{FEB3D900-93DD-427C-A31E-5CCDD0ED1DF0}"
EndProject
Project("{FAE04EC0-301F-11D3-BF4B-00C04F79EFBC}") = "Denapoli.Modules.Data", "Denapoli.Modules.Data\Denapoli.Modules.Data.csproj", "{4AFAF324-0120-45CC-985C-47F175A8BCEA}"
EndProject
Project("{FAE04EC0-301F-11D3-BF4B-00C04F79EFBC}") = "Denapoli.Module.Data.Test", "Denapoli.Module.Data.Test\Denapoli.Module.Data.Test.csproj", "{48F4ECCE-5017-4F8E-8D41-F0DA89997955}"
EndProject
Project("{2150E333-8FDC-42A3-9474-1A3956D46DE8}") = "GUI", "GUI", "{E79B776A-F371-4E0C-A83F-82CD02EE84DE}"
EndProject
Project("{FAE04EC0-301F-11D3-BF4B-00C04F79EFBC}") = "Denapoli.Modules.Infrastructure", "Denapoli.Modules.Infrastructure\Denapoli.Modules.Infrastructure.csproj", "{B0719092-7564-4A45-B235-54DDBD628578}"
EndProject
Project("{FAE04EC0-301F-11D3-BF4B-00C04F79EFBC}") = "Denapoli.Modules.GUI.MainScreen", "Denapoli.Modules.GUI.MainScreen\Denapoli.Modules.GUI.MainScreen.csproj", "{6EF42FB8-C89D-4076-995D-F79BA8A67791}"
EndProject
Project("{FAE04EC0-301F-11D3-BF4B-00C04F79EFBC}") = "Denapoli.Modules.GUI.CommandScreen", "Denapoli.Modules.GUI.CommandScreen\Denapoli.Modules.GUI.CommandScreen.csproj", "{C1FEC7AE-A7C0-4CBE-905E-31731C393351}"
EndProject
Project("{FAE04EC0-301F-11D3-BF4B-00C04F79EFBC}") = "Denapoli.Modules.Payment", "Denapoli.Modules.Payment\Denapoli.Modules.Payment.csproj", "{EB68BAF5-E059-4D48-995A-F1C3F0862CD8}"
EndProject
Project("{FAE04EC0-301F-11D3-BF4B-00C04F79EFBC}") = "Denapoli.Modules.I18n", "Denapoli.Modules.I18n\Denapoli.Modules.I18n.csproj", "{6A2288EC-F1AC-4FF4-BF97-B7992B296635}"
EndProject
Project("{FAE04EC0-301F-11D3-BF4B-00C04F79EFBC}") = "DenapoliAdmin", "DenapoliAdmin\DenapoliAdmin.csproj", "{E4057021-819F-42D6-9982-94A8EF1DEBF4}"
EndProject
Project("{2150E333-8FDC-42A3-9474-1A3956D46DE8}") = "FrontEnd", "FrontEnd", "{083ACF26-79D2-4556-B533-3D22941EB983}"
EndProject
Project("{2150E333-8FDC-42A3-9474-1A3956D46DE8}") = "BackEnd", "BackEnd", "{0713E216-EBA1-4387-AFDB-A8C62443F090}"
EndProject
Project("{FAE04EC0-301F-11D3-BF4B-00C04F79EFBC}") = "Denapoli.Modules.GUI.BackEnd.OrderProcessing", "Denapoli.Modules.GUI.BackEnd.OrderProcessing\Denapoli.Modules.GUI.BackEnd.OrderProcessing.csproj", "{82723946-92BF-48A3-A50B-7CE091396797}"
EndProject
Project("{FAE04EC0-301F-11D3-BF4B-00C04F79EFBC}") = "Denapoli.Modules.GUI.BackEnd.DataAdmin", "Denapoli.Modules.GUI.BackEnd.DataAdmin\Denapoli.Modules.GUI.BackEnd.DataAdmin.csproj", "{7921DD6D-C633-4252-8E8B-EF46AF3C5DB5}"
EndProject
Project("{FAE04EC0-301F-11D3-BF4B-00C04F79EFBC}") = "Denapoli.Modules.GUI.BackEnd.Stats", "Denapoli.Modules.GUI.BackEnd.Stats\Denapoli.Modules.GUI.BackEnd.Stats.csproj", "{6D625513-9DA1-4414-848D-87317C882E32}"
EndProject
Project("{2150E333-8FDC-42A3-9474-1A3956D46DE8}") = "Install", "Install", "{2F0DA326-5694-4585-AD65-EDF092DAC37A}"
EndProject
Project("{54435603-DBB4-11D2-8724-00A0C9A8B90C}") = "ClientInstaller", "ClientInstaller\ClientInstaller.vdproj", "{B3E21887-885B-4000-8C5B-B3D3E75C7512}"
EndProject
Project("{54435603-DBB4-11D2-8724-00A0C9A8B90C}") = "AdminInstaller", "AdminInstaller\AdminInstaller.vdproj", "{7D36A01B-C302-45B7-99E5-502A3B463CA3}"
EndProject
Project("{FAE04EC0-301F-11D3-BF4B-00C04F79EFBC}") = "Denapoli.Modules.WebService", "Denapoli.Modules.WebService\Denapoli.Modules.WebService.csproj", "{BE154AB9-0BB4-4D5D-94B2-5CCC24057AD4}"
EndProject
Global
	GlobalSection(SolutionConfigurationPlatforms) = preSolution
		Debug|Any CPU = Debug|Any CPU
		Debug|Mixed Platforms = Debug|Mixed Platforms
		Debug|x86 = Debug|x86
		Release|Any CPU = Release|Any CPU
		Release|Mixed Platforms = Release|Mixed Platforms
		Release|x86 = Release|x86
	EndGlobalSection
	GlobalSection(ProjectConfigurationPlatforms) = postSolution
		{EB9AA734-13C2-423F-A8CF-36CF68E81328}.Debug|Any CPU.ActiveCfg = Debug|x86
		{EB9AA734-13C2-423F-A8CF-36CF68E81328}.Debug|Mixed Platforms.ActiveCfg = Debug|x86
		{EB9AA734-13C2-423F-A8CF-36CF68E81328}.Debug|Mixed Platforms.Build.0 = Debug|x86
		{EB9AA734-13C2-423F-A8CF-36CF68E81328}.Debug|x86.ActiveCfg = Debug|x86
		{EB9AA734-13C2-423F-A8CF-36CF68E81328}.Debug|x86.Build.0 = Debug|x86
		{EB9AA734-13C2-423F-A8CF-36CF68E81328}.Release|Any CPU.ActiveCfg = Release|x86
		{EB9AA734-13C2-423F-A8CF-36CF68E81328}.Release|Mixed Platforms.ActiveCfg = Release|x86
		{EB9AA734-13C2-423F-A8CF-36CF68E81328}.Release|Mixed Platforms.Build.0 = Release|x86
		{EB9AA734-13C2-423F-A8CF-36CF68E81328}.Release|x86.ActiveCfg = Release|x86
		{EB9AA734-13C2-423F-A8CF-36CF68E81328}.Release|x86.Build.0 = Release|x86
		{4AFAF324-0120-45CC-985C-47F175A8BCEA}.Debug|Any CPU.ActiveCfg = Debug|Any CPU
		{4AFAF324-0120-45CC-985C-47F175A8BCEA}.Debug|Any CPU.Build.0 = Debug|Any CPU
		{4AFAF324-0120-45CC-985C-47F175A8BCEA}.Debug|Mixed Platforms.ActiveCfg = Debug|Any CPU
		{4AFAF324-0120-45CC-985C-47F175A8BCEA}.Debug|Mixed Platforms.Build.0 = Debug|Any CPU
		{4AFAF324-0120-45CC-985C-47F175A8BCEA}.Debug|x86.ActiveCfg = Debug|Any CPU
		{4AFAF324-0120-45CC-985C-47F175A8BCEA}.Release|Any CPU.ActiveCfg = Release|Any CPU
		{4AFAF324-0120-45CC-985C-47F175A8BCEA}.Release|Any CPU.Build.0 = Release|Any CPU
		{4AFAF324-0120-45CC-985C-47F175A8BCEA}.Release|Mixed Platforms.ActiveCfg = Release|Any CPU
		{4AFAF324-0120-45CC-985C-47F175A8BCEA}.Release|Mixed Platforms.Build.0 = Release|Any CPU
		{4AFAF324-0120-45CC-985C-47F175A8BCEA}.Release|x86.ActiveCfg = Release|Any CPU
		{48F4ECCE-5017-4F8E-8D41-F0DA89997955}.Debug|Any CPU.ActiveCfg = Debug|Any CPU
		{48F4ECCE-5017-4F8E-8D41-F0DA89997955}.Debug|Any CPU.Build.0 = Debug|Any CPU
		{48F4ECCE-5017-4F8E-8D41-F0DA89997955}.Debug|Mixed Platforms.ActiveCfg = Debug|Any CPU
		{48F4ECCE-5017-4F8E-8D41-F0DA89997955}.Debug|Mixed Platforms.Build.0 = Debug|Any CPU
		{48F4ECCE-5017-4F8E-8D41-F0DA89997955}.Debug|x86.ActiveCfg = Debug|Any CPU
		{48F4ECCE-5017-4F8E-8D41-F0DA89997955}.Release|Any CPU.ActiveCfg = Release|Any CPU
		{48F4ECCE-5017-4F8E-8D41-F0DA89997955}.Release|Any CPU.Build.0 = Release|Any CPU
		{48F4ECCE-5017-4F8E-8D41-F0DA89997955}.Release|Mixed Platforms.ActiveCfg = Release|Any CPU
		{48F4ECCE-5017-4F8E-8D41-F0DA89997955}.Release|Mixed Platforms.Build.0 = Release|Any CPU
		{48F4ECCE-5017-4F8E-8D41-F0DA89997955}.Release|x86.ActiveCfg = Release|Any CPU
		{B0719092-7564-4A45-B235-54DDBD628578}.Debug|Any CPU.ActiveCfg = Debug|Any CPU
		{B0719092-7564-4A45-B235-54DDBD628578}.Debug|Any CPU.Build.0 = Debug|Any CPU
		{B0719092-7564-4A45-B235-54DDBD628578}.Debug|Mixed Platforms.ActiveCfg = Debug|Any CPU
		{B0719092-7564-4A45-B235-54DDBD628578}.Debug|Mixed Platforms.Build.0 = Debug|Any CPU
		{B0719092-7564-4A45-B235-54DDBD628578}.Debug|x86.ActiveCfg = Debug|Any CPU
		{B0719092-7564-4A45-B235-54DDBD628578}.Release|Any CPU.ActiveCfg = Release|Any CPU
		{B0719092-7564-4A45-B235-54DDBD628578}.Release|Any CPU.Build.0 = Release|Any CPU
		{B0719092-7564-4A45-B235-54DDBD628578}.Release|Mixed Platforms.ActiveCfg = Release|Any CPU
		{B0719092-7564-4A45-B235-54DDBD628578}.Release|Mixed Platforms.Build.0 = Release|Any CPU
		{B0719092-7564-4A45-B235-54DDBD628578}.Release|x86.ActiveCfg = Release|Any CPU
		{6EF42FB8-C89D-4076-995D-F79BA8A67791}.Debug|Any CPU.ActiveCfg = Debug|Any CPU
		{6EF42FB8-C89D-4076-995D-F79BA8A67791}.Debug|Any CPU.Build.0 = Debug|Any CPU
		{6EF42FB8-C89D-4076-995D-F79BA8A67791}.Debug|Mixed Platforms.ActiveCfg = Debug|Any CPU
		{6EF42FB8-C89D-4076-995D-F79BA8A67791}.Debug|Mixed Platforms.Build.0 = Debug|Any CPU
		{6EF42FB8-C89D-4076-995D-F79BA8A67791}.Debug|x86.ActiveCfg = Debug|Any CPU
		{6EF42FB8-C89D-4076-995D-F79BA8A67791}.Release|Any CPU.ActiveCfg = Release|Any CPU
		{6EF42FB8-C89D-4076-995D-F79BA8A67791}.Release|Any CPU.Build.0 = Release|Any CPU
		{6EF42FB8-C89D-4076-995D-F79BA8A67791}.Release|Mixed Platforms.ActiveCfg = Release|Any CPU
		{6EF42FB8-C89D-4076-995D-F79BA8A67791}.Release|Mixed Platforms.Build.0 = Release|Any CPU
		{6EF42FB8-C89D-4076-995D-F79BA8A67791}.Release|x86.ActiveCfg = Release|Any CPU
		{C1FEC7AE-A7C0-4CBE-905E-31731C393351}.Debug|Any CPU.ActiveCfg = Debug|Any CPU
		{C1FEC7AE-A7C0-4CBE-905E-31731C393351}.Debug|Any CPU.Build.0 = Debug|Any CPU
		{C1FEC7AE-A7C0-4CBE-905E-31731C393351}.Debug|Mixed Platforms.ActiveCfg = Debug|Any CPU
		{C1FEC7AE-A7C0-4CBE-905E-31731C393351}.Debug|Mixed Platforms.Build.0 = Debug|Any CPU
		{C1FEC7AE-A7C0-4CBE-905E-31731C393351}.Debug|x86.ActiveCfg = Debug|Any CPU
		{C1FEC7AE-A7C0-4CBE-905E-31731C393351}.Release|Any CPU.ActiveCfg = Release|Any CPU
		{C1FEC7AE-A7C0-4CBE-905E-31731C393351}.Release|Any CPU.Build.0 = Release|Any CPU
		{C1FEC7AE-A7C0-4CBE-905E-31731C393351}.Release|Mixed Platforms.ActiveCfg = Release|Any CPU
		{C1FEC7AE-A7C0-4CBE-905E-31731C393351}.Release|Mixed Platforms.Build.0 = Release|Any CPU
		{C1FEC7AE-A7C0-4CBE-905E-31731C393351}.Release|x86.ActiveCfg = Release|Any CPU
		{EB68BAF5-E059-4D48-995A-F1C3F0862CD8}.Debug|Any CPU.ActiveCfg = Debug|Any CPU
		{EB68BAF5-E059-4D48-995A-F1C3F0862CD8}.Debug|Any CPU.Build.0 = Debug|Any CPU
		{EB68BAF5-E059-4D48-995A-F1C3F0862CD8}.Debug|Mixed Platforms.ActiveCfg = Debug|Any CPU
		{EB68BAF5-E059-4D48-995A-F1C3F0862CD8}.Debug|Mixed Platforms.Build.0 = Debug|Any CPU
		{EB68BAF5-E059-4D48-995A-F1C3F0862CD8}.Debug|x86.ActiveCfg = Debug|Any CPU
		{EB68BAF5-E059-4D48-995A-F1C3F0862CD8}.Release|Any CPU.ActiveCfg = Release|Any CPU
		{EB68BAF5-E059-4D48-995A-F1C3F0862CD8}.Release|Any CPU.Build.0 = Release|Any CPU
		{EB68BAF5-E059-4D48-995A-F1C3F0862CD8}.Release|Mixed Platforms.ActiveCfg = Release|Any CPU
		{EB68BAF5-E059-4D48-995A-F1C3F0862CD8}.Release|Mixed Platforms.Build.0 = Release|Any CPU
		{EB68BAF5-E059-4D48-995A-F1C3F0862CD8}.Release|x86.ActiveCfg = Release|Any CPU
		{6A2288EC-F1AC-4FF4-BF97-B7992B296635}.Debug|Any CPU.ActiveCfg = Debug|Any CPU
		{6A2288EC-F1AC-4FF4-BF97-B7992B296635}.Debug|Any CPU.Build.0 = Debug|Any CPU
		{6A2288EC-F1AC-4FF4-BF97-B7992B296635}.Debug|Mixed Platforms.ActiveCfg = Debug|Any CPU
		{6A2288EC-F1AC-4FF4-BF97-B7992B296635}.Debug|Mixed Platforms.Build.0 = Debug|Any CPU
		{6A2288EC-F1AC-4FF4-BF97-B7992B296635}.Debug|x86.ActiveCfg = Debug|Any CPU
		{6A2288EC-F1AC-4FF4-BF97-B7992B296635}.Release|Any CPU.ActiveCfg = Release|Any CPU
		{6A2288EC-F1AC-4FF4-BF97-B7992B296635}.Release|Any CPU.Build.0 = Release|Any CPU
		{6A2288EC-F1AC-4FF4-BF97-B7992B296635}.Release|Mixed Platforms.ActiveCfg = Release|Any CPU
		{6A2288EC-F1AC-4FF4-BF97-B7992B296635}.Release|Mixed Platforms.Build.0 = Release|Any CPU
		{6A2288EC-F1AC-4FF4-BF97-B7992B296635}.Release|x86.ActiveCfg = Release|Any CPU
		{E4057021-819F-42D6-9982-94A8EF1DEBF4}.Debug|Any CPU.ActiveCfg = Debug|x86
		{E4057021-819F-42D6-9982-94A8EF1DEBF4}.Debug|Mixed Platforms.ActiveCfg = Debug|x86
		{E4057021-819F-42D6-9982-94A8EF1DEBF4}.Debug|Mixed Platforms.Build.0 = Debug|x86
		{E4057021-819F-42D6-9982-94A8EF1DEBF4}.Debug|x86.ActiveCfg = Debug|x86
		{E4057021-819F-42D6-9982-94A8EF1DEBF4}.Debug|x86.Build.0 = Debug|x86
		{E4057021-819F-42D6-9982-94A8EF1DEBF4}.Release|Any CPU.ActiveCfg = Release|x86
		{E4057021-819F-42D6-9982-94A8EF1DEBF4}.Release|Mixed Platforms.ActiveCfg = Release|x86
		{E4057021-819F-42D6-9982-94A8EF1DEBF4}.Release|Mixed Platforms.Build.0 = Release|x86
		{E4057021-819F-42D6-9982-94A8EF1DEBF4}.Release|x86.ActiveCfg = Release|x86
		{E4057021-819F-42D6-9982-94A8EF1DEBF4}.Release|x86.Build.0 = Release|x86
		{82723946-92BF-48A3-A50B-7CE091396797}.Debug|Any CPU.ActiveCfg = Debug|Any CPU
		{82723946-92BF-48A3-A50B-7CE091396797}.Debug|Any CPU.Build.0 = Debug|Any CPU
		{82723946-92BF-48A3-A50B-7CE091396797}.Debug|Mixed Platforms.ActiveCfg = Debug|Any CPU
		{82723946-92BF-48A3-A50B-7CE091396797}.Debug|Mixed Platforms.Build.0 = Debug|Any CPU
		{82723946-92BF-48A3-A50B-7CE091396797}.Debug|x86.ActiveCfg = Debug|Any CPU
		{82723946-92BF-48A3-A50B-7CE091396797}.Release|Any CPU.ActiveCfg = Release|Any CPU
		{82723946-92BF-48A3-A50B-7CE091396797}.Release|Any CPU.Build.0 = Release|Any CPU
		{82723946-92BF-48A3-A50B-7CE091396797}.Release|Mixed Platforms.ActiveCfg = Release|Any CPU
		{82723946-92BF-48A3-A50B-7CE091396797}.Release|Mixed Platforms.Build.0 = Release|Any CPU
		{82723946-92BF-48A3-A50B-7CE091396797}.Release|x86.ActiveCfg = Release|Any CPU
		{7921DD6D-C633-4252-8E8B-EF46AF3C5DB5}.Debug|Any CPU.ActiveCfg = Debug|Any CPU
		{7921DD6D-C633-4252-8E8B-EF46AF3C5DB5}.Debug|Any CPU.Build.0 = Debug|Any CPU
		{7921DD6D-C633-4252-8E8B-EF46AF3C5DB5}.Debug|Mixed Platforms.ActiveCfg = Debug|Any CPU
		{7921DD6D-C633-4252-8E8B-EF46AF3C5DB5}.Debug|Mixed Platforms.Build.0 = Debug|Any CPU
		{7921DD6D-C633-4252-8E8B-EF46AF3C5DB5}.Debug|x86.ActiveCfg = Debug|Any CPU
		{7921DD6D-C633-4252-8E8B-EF46AF3C5DB5}.Release|Any CPU.ActiveCfg = Release|Any CPU
		{7921DD6D-C633-4252-8E8B-EF46AF3C5DB5}.Release|Any CPU.Build.0 = Release|Any CPU
		{7921DD6D-C633-4252-8E8B-EF46AF3C5DB5}.Release|Mixed Platforms.ActiveCfg = Release|Any CPU
		{7921DD6D-C633-4252-8E8B-EF46AF3C5DB5}.Release|Mixed Platforms.Build.0 = Release|Any CPU
		{7921DD6D-C633-4252-8E8B-EF46AF3C5DB5}.Release|x86.ActiveCfg = Release|Any CPU
		{6D625513-9DA1-4414-848D-87317C882E32}.Debug|Any CPU.ActiveCfg = Debug|Any CPU
		{6D625513-9DA1-4414-848D-87317C882E32}.Debug|Any CPU.Build.0 = Debug|Any CPU
		{6D625513-9DA1-4414-848D-87317C882E32}.Debug|Mixed Platforms.ActiveCfg = Debug|Any CPU
		{6D625513-9DA1-4414-848D-87317C882E32}.Debug|Mixed Platforms.Build.0 = Debug|Any CPU
		{6D625513-9DA1-4414-848D-87317C882E32}.Debug|x86.ActiveCfg = Debug|Any CPU
		{6D625513-9DA1-4414-848D-87317C882E32}.Release|Any CPU.ActiveCfg = Release|Any CPU
		{6D625513-9DA1-4414-848D-87317C882E32}.Release|Any CPU.Build.0 = Release|Any CPU
		{6D625513-9DA1-4414-848D-87317C882E32}.Release|Mixed Platforms.ActiveCfg = Release|Any CPU
		{6D625513-9DA1-4414-848D-87317C882E32}.Release|Mixed Platforms.Build.0 = Release|Any CPU
		{6D625513-9DA1-4414-848D-87317C882E32}.Release|x86.ActiveCfg = Release|Any CPU
		{B3E21887-885B-4000-8C5B-B3D3E75C7512}.Debug|Any CPU.ActiveCfg = Debug
		{B3E21887-885B-4000-8C5B-B3D3E75C7512}.Debug|Mixed Platforms.ActiveCfg = Debug
		{B3E21887-885B-4000-8C5B-B3D3E75C7512}.Debug|x86.ActiveCfg = Debug
		{B3E21887-885B-4000-8C5B-B3D3E75C7512}.Release|Any CPU.ActiveCfg = Release
		{B3E21887-885B-4000-8C5B-B3D3E75C7512}.Release|Mixed Platforms.ActiveCfg = Release
		{B3E21887-885B-4000-8C5B-B3D3E75C7512}.Release|x86.ActiveCfg = Release
		{7D36A01B-C302-45B7-99E5-502A3B463CA3}.Debug|Any CPU.ActiveCfg = Debug
		{7D36A01B-C302-45B7-99E5-502A3B463CA3}.Debug|Mixed Platforms.ActiveCfg = Debug
		{7D36A01B-C302-45B7-99E5-502A3B463CA3}.Debug|x86.ActiveCfg = Debug
		{7D36A01B-C302-45B7-99E5-502A3B463CA3}.Release|Any CPU.ActiveCfg = Release
		{7D36A01B-C302-45B7-99E5-502A3B463CA3}.Release|Mixed Platforms.ActiveCfg = Release
		{7D36A01B-C302-45B7-99E5-502A3B463CA3}.Release|x86.ActiveCfg = Release
		{BE154AB9-0BB4-4D5D-94B2-5CCC24057AD4}.Debug|Any CPU.ActiveCfg = Debug|Any CPU
		{BE154AB9-0BB4-4D5D-94B2-5CCC24057AD4}.Debug|Any CPU.Build.0 = Debug|Any CPU
		{BE154AB9-0BB4-4D5D-94B2-5CCC24057AD4}.Debug|Mixed Platforms.ActiveCfg = Debug|Any CPU
		{BE154AB9-0BB4-4D5D-94B2-5CCC24057AD4}.Debug|Mixed Platforms.Build.0 = Debug|Any CPU
		{BE154AB9-0BB4-4D5D-94B2-5CCC24057AD4}.Debug|x86.ActiveCfg = Debug|Any CPU
		{BE154AB9-0BB4-4D5D-94B2-5CCC24057AD4}.Release|Any CPU.ActiveCfg = Release|Any CPU
		{BE154AB9-0BB4-4D5D-94B2-5CCC24057AD4}.Release|Any CPU.Build.0 = Release|Any CPU
		{BE154AB9-0BB4-4D5D-94B2-5CCC24057AD4}.Release|Mixed Platforms.ActiveCfg = Release|Any CPU
		{BE154AB9-0BB4-4D5D-94B2-5CCC24057AD4}.Release|Mixed Platforms.Build.0 = Release|Any CPU
		{BE154AB9-0BB4-4D5D-94B2-5CCC24057AD4}.Release|x86.ActiveCfg = Release|Any CPU
	EndGlobalSection
	GlobalSection(SolutionProperties) = preSolution
		HideSolutionNode = FALSE
	EndGlobalSection
	GlobalSection(NestedProjects) = preSolution
		{E79B776A-F371-4E0C-A83F-82CD02EE84DE} = {4B63135D-9EAA-494C-A4DB-8B99AC741691}
		{FEB3D900-93DD-427C-A31E-5CCDD0ED1DF0} = {4B63135D-9EAA-494C-A4DB-8B99AC741691}
		{083ACF26-79D2-4556-B533-3D22941EB983} = {E79B776A-F371-4E0C-A83F-82CD02EE84DE}
		{0713E216-EBA1-4387-AFDB-A8C62443F090} = {E79B776A-F371-4E0C-A83F-82CD02EE84DE}
		{48F4ECCE-5017-4F8E-8D41-F0DA89997955} = {E7F2561C-52B7-4E21-AE4F-B7EF874B4B0F}
		{4AFAF324-0120-45CC-985C-47F175A8BCEA} = {FEB3D900-93DD-427C-A31E-5CCDD0ED1DF0}
		{B0719092-7564-4A45-B235-54DDBD628578} = {FEB3D900-93DD-427C-A31E-5CCDD0ED1DF0}
		{EB68BAF5-E059-4D48-995A-F1C3F0862CD8} = {FEB3D900-93DD-427C-A31E-5CCDD0ED1DF0}
		{6A2288EC-F1AC-4FF4-BF97-B7992B296635} = {FEB3D900-93DD-427C-A31E-5CCDD0ED1DF0}
		{BE154AB9-0BB4-4D5D-94B2-5CCC24057AD4} = {FEB3D900-93DD-427C-A31E-5CCDD0ED1DF0}
		{6EF42FB8-C89D-4076-995D-F79BA8A67791} = {083ACF26-79D2-4556-B533-3D22941EB983}
		{C1FEC7AE-A7C0-4CBE-905E-31731C393351} = {083ACF26-79D2-4556-B533-3D22941EB983}
		{EB9AA734-13C2-423F-A8CF-36CF68E81328} = {083ACF26-79D2-4556-B533-3D22941EB983}
		{E4057021-819F-42D6-9982-94A8EF1DEBF4} = {0713E216-EBA1-4387-AFDB-A8C62443F090}
		{82723946-92BF-48A3-A50B-7CE091396797} = {0713E216-EBA1-4387-AFDB-A8C62443F090}
		{7921DD6D-C633-4252-8E8B-EF46AF3C5DB5} = {0713E216-EBA1-4387-AFDB-A8C62443F090}
		{6D625513-9DA1-4414-848D-87317C882E32} = {0713E216-EBA1-4387-AFDB-A8C62443F090}
		{B3E21887-885B-4000-8C5B-B3D3E75C7512} = {2F0DA326-5694-4585-AD65-EDF092DAC37A}
		{7D36A01B-C302-45B7-99E5-502A3B463CA3} = {2F0DA326-5694-4585-AD65-EDF092DAC37A}
	EndGlobalSection
EndGlobal
